// !$*UTF8*$!
{
	archiveVersion = 1;
	classes = {
	};
	objectVersion = 50;
	objects = {

/* Begin PBXBuildFile section */
		2C6B054724D1DEA800762B35 /* ImageCache.swift in Sources */ = {isa = PBXBuildFile; fileRef = 2C6B054624D1DEA800762B35 /* ImageCache.swift */; };
		2C6B054924D1F3C800762B35 /* ImageRequester.swift in Sources */ = {isa = PBXBuildFile; fileRef = 2C6B054824D1F3C800762B35 /* ImageRequester.swift */; };
		2C6B054B24D1FB1900762B35 /* PosterImageView.swift in Sources */ = {isa = PBXBuildFile; fileRef = 2C6B054A24D1FB1900762B35 /* PosterImageView.swift */; };
		2C6B054D24D2076500762B35 /* movieData.json in Resources */ = {isa = PBXBuildFile; fileRef = 2C6B054C24D2076500762B35 /* movieData.json */; };
		2C6B055024D20CD600762B35 /* RatingView.swift in Sources */ = {isa = PBXBuildFile; fileRef = 2C6B054F24D20CD600762B35 /* RatingView.swift */; };
		2C6B055224D2110800762B35 /* CGSize+Center.swift in Sources */ = {isa = PBXBuildFile; fileRef = 2C6B055124D2110800762B35 /* CGSize+Center.swift */; };
		2CD8973A24D0DC9E0076D58B /* AppDelegate.swift in Sources */ = {isa = PBXBuildFile; fileRef = 2CD8973924D0DC9E0076D58B /* AppDelegate.swift */; };
		2CD8973C24D0DC9E0076D58B /* SceneDelegate.swift in Sources */ = {isa = PBXBuildFile; fileRef = 2CD8973B24D0DC9E0076D58B /* SceneDelegate.swift */; };
		2CD8973E24D0DC9E0076D58B /* MoviesListView.swift in Sources */ = {isa = PBXBuildFile; fileRef = 2CD8973D24D0DC9E0076D58B /* MoviesListView.swift */; };
		2CD8974024D0DCA00076D58B /* Assets.xcassets in Resources */ = {isa = PBXBuildFile; fileRef = 2CD8973F24D0DCA00076D58B /* Assets.xcassets */; };
		2CD8974324D0DCA00076D58B /* Preview Assets.xcassets in Resources */ = {isa = PBXBuildFile; fileRef = 2CD8974224D0DCA00076D58B /* Preview Assets.xcassets */; };
		2CD8974624D0DCA00076D58B /* LaunchScreen.storyboard in Resources */ = {isa = PBXBuildFile; fileRef = 2CD8974424D0DCA00076D58B /* LaunchScreen.storyboard */; };
		2CD8974E24D0DF9F0076D58B /* EndpointType.swift in Sources */ = {isa = PBXBuildFile; fileRef = 2CD8974D24D0DF9F0076D58B /* EndpointType.swift */; };
		2CD8975024D0E03E0076D58B /* APIConstants.swift in Sources */ = {isa = PBXBuildFile; fileRef = 2CD8974F24D0E03E0076D58B /* APIConstants.swift */; };
		2CD8975424D0E6F50076D58B /* Grid.swift in Sources */ = {isa = PBXBuildFile; fileRef = 2CD8975324D0E6F50076D58B /* Grid.swift */; };
		2CD8975624D0E7110076D58B /* GridLayout.swift in Sources */ = {isa = PBXBuildFile; fileRef = 2CD8975524D0E7110076D58B /* GridLayout.swift */; };
		2CD8975924D0E77E0076D58B /* MovieEndpoint.swift in Sources */ = {isa = PBXBuildFile; fileRef = 2CD8975824D0E77E0076D58B /* MovieEndpoint.swift */; };
		2CD8975B24D0E9890076D58B /* MovieRequest.swift in Sources */ = {isa = PBXBuildFile; fileRef = 2CD8975A24D0E9890076D58B /* MovieRequest.swift */; };
		2CD8975D24D0EABA0076D58B /* Movie.swift in Sources */ = {isa = PBXBuildFile; fileRef = 2CD8975C24D0EABA0076D58B /* Movie.swift */; };
		2CD8976024D0FCB00076D58B /* MovieResponse.swift in Sources */ = {isa = PBXBuildFile; fileRef = 2CD8975F24D0FCB00076D58B /* MovieResponse.swift */; };
		2CD8976324D104630076D58B /* SearchEndpoint.swift in Sources */ = {isa = PBXBuildFile; fileRef = 2CD8976224D104630076D58B /* SearchEndpoint.swift */; };
		2CD8976724D108820076D58B /* QueryRequest.swift in Sources */ = {isa = PBXBuildFile; fileRef = 2CD8976624D108820076D58B /* QueryRequest.swift */; };
/* End PBXBuildFile section */

/* Begin PBXFileReference section */
		2C6B054624D1DEA800762B35 /* ImageCache.swift */ = {isa = PBXFileReference; lastKnownFileType = sourcecode.swift; path = ImageCache.swift; sourceTree = "<group>"; };
		2C6B054824D1F3C800762B35 /* ImageRequester.swift */ = {isa = PBXFileReference; lastKnownFileType = sourcecode.swift; path = ImageRequester.swift; sourceTree = "<group>"; };
		2C6B054A24D1FB1900762B35 /* PosterImageView.swift */ = {isa = PBXFileReference; lastKnownFileType = sourcecode.swift; path = PosterImageView.swift; sourceTree = "<group>"; };
		2C6B054C24D2076500762B35 /* movieData.json */ = {isa = PBXFileReference; lastKnownFileType = text.json; path = movieData.json; sourceTree = "<group>"; };
		2C6B054F24D20CD600762B35 /* RatingView.swift */ = {isa = PBXFileReference; lastKnownFileType = sourcecode.swift; path = RatingView.swift; sourceTree = "<group>"; };
		2C6B055124D2110800762B35 /* CGSize+Center.swift */ = {isa = PBXFileReference; lastKnownFileType = sourcecode.swift; path = "CGSize+Center.swift"; sourceTree = "<group>"; };
		2CD8973624D0DC9E0076D58B /* TMDbCombine.app */ = {isa = PBXFileReference; explicitFileType = wrapper.application; includeInIndex = 0; path = TMDbCombine.app; sourceTree = BUILT_PRODUCTS_DIR; };
		2CD8973924D0DC9E0076D58B /* AppDelegate.swift */ = {isa = PBXFileReference; lastKnownFileType = sourcecode.swift; path = AppDelegate.swift; sourceTree = "<group>"; };
		2CD8973B24D0DC9E0076D58B /* SceneDelegate.swift */ = {isa = PBXFileReference; lastKnownFileType = sourcecode.swift; path = SceneDelegate.swift; sourceTree = "<group>"; };
		2CD8973D24D0DC9E0076D58B /* MoviesListView.swift */ = {isa = PBXFileReference; lastKnownFileType = sourcecode.swift; path = MoviesListView.swift; sourceTree = "<group>"; };
		2CD8973F24D0DCA00076D58B /* Assets.xcassets */ = {isa = PBXFileReference; lastKnownFileType = folder.assetcatalog; path = Assets.xcassets; sourceTree = "<group>"; };
		2CD8974224D0DCA00076D58B /* Preview Assets.xcassets */ = {isa = PBXFileReference; lastKnownFileType = folder.assetcatalog; path = "Preview Assets.xcassets"; sourceTree = "<group>"; };
		2CD8974524D0DCA00076D58B /* Base */ = {isa = PBXFileReference; lastKnownFileType = file.storyboard; name = Base; path = Base.lproj/LaunchScreen.storyboard; sourceTree = "<group>"; };
		2CD8974724D0DCA00076D58B /* Info.plist */ = {isa = PBXFileReference; lastKnownFileType = text.plist.xml; path = Info.plist; sourceTree = "<group>"; };
		2CD8974D24D0DF9F0076D58B /* EndpointType.swift */ = {isa = PBXFileReference; lastKnownFileType = sourcecode.swift; path = EndpointType.swift; sourceTree = "<group>"; };
		2CD8974F24D0E03E0076D58B /* APIConstants.swift */ = {isa = PBXFileReference; lastKnownFileType = sourcecode.swift; path = APIConstants.swift; sourceTree = "<group>"; };
		2CD8975324D0E6F50076D58B /* Grid.swift */ = {isa = PBXFileReference; fileEncoding = 4; lastKnownFileType = sourcecode.swift; path = Grid.swift; sourceTree = "<group>"; };
		2CD8975524D0E7110076D58B /* GridLayout.swift */ = {isa = PBXFileReference; fileEncoding = 4; lastKnownFileType = sourcecode.swift; path = GridLayout.swift; sourceTree = "<group>"; };
		2CD8975824D0E77E0076D58B /* MovieEndpoint.swift */ = {isa = PBXFileReference; lastKnownFileType = sourcecode.swift; path = MovieEndpoint.swift; sourceTree = "<group>"; };
		2CD8975A24D0E9890076D58B /* MovieRequest.swift */ = {isa = PBXFileReference; lastKnownFileType = sourcecode.swift; path = MovieRequest.swift; sourceTree = "<group>"; };
		2CD8975C24D0EABA0076D58B /* Movie.swift */ = {isa = PBXFileReference; lastKnownFileType = sourcecode.swift; path = Movie.swift; sourceTree = "<group>"; };
		2CD8975F24D0FCB00076D58B /* MovieResponse.swift */ = {isa = PBXFileReference; lastKnownFileType = sourcecode.swift; path = MovieResponse.swift; sourceTree = "<group>"; };
		2CD8976224D104630076D58B /* SearchEndpoint.swift */ = {isa = PBXFileReference; lastKnownFileType = sourcecode.swift; path = SearchEndpoint.swift; sourceTree = "<group>"; };
		2CD8976624D108820076D58B /* QueryRequest.swift */ = {isa = PBXFileReference; lastKnownFileType = sourcecode.swift; path = QueryRequest.swift; sourceTree = "<group>"; };
/* End PBXFileReference section */

/* Begin PBXFrameworksBuildPhase section */
		2CD8973324D0DC9E0076D58B /* Frameworks */ = {
			isa = PBXFrameworksBuildPhase;
			buildActionMask = 2147483647;
			files = (
			);
			runOnlyForDeploymentPostprocessing = 0;
		};
/* End PBXFrameworksBuildPhase section */

/* Begin PBXGroup section */
		2C6B054E24D2076E00762B35 /* Resources */ = {
			isa = PBXGroup;
			children = (
				2C6B054C24D2076500762B35 /* movieData.json */,
			);
			path = Resources;
			sourceTree = "<group>";
		};
		2C6B055324D2114200762B35 /* Extensions */ = {
			isa = PBXGroup;
			children = (
				2C6B055124D2110800762B35 /* CGSize+Center.swift */,
			);
			path = Extensions;
			sourceTree = "<group>";
		};
		2CD8972D24D0DC9E0076D58B = {
			isa = PBXGroup;
			children = (
				2CD8973824D0DC9E0076D58B /* TMDBCombine */,
				2CD8973724D0DC9E0076D58B /* Products */,
			);
			sourceTree = "<group>";
		};
		2CD8973724D0DC9E0076D58B /* Products */ = {
			isa = PBXGroup;
			children = (
				2CD8973624D0DC9E0076D58B /* TMDbCombine.app */,
			);
			name = Products;
			sourceTree = "<group>";
		};
		2CD8973824D0DC9E0076D58B /* TMDBCombine */ = {
			isa = PBXGroup;
			children = (
				2CD8975224D0E6C50076D58B /* Views */,
				2CD8976124D0FEFA0076D58B /* Supporting Files */,
				2CD8974724D0DCA00076D58B /* Info.plist */,
				2CD8974124D0DCA00076D58B /* Preview Content */,
				2CD8976524D1081B0076D58B /* ServiceAPI */,
				2CD8975E24D0EABE0076D58B /* Models */,
				2C6B054E24D2076E00762B35 /* Resources */,
				2C6B055324D2114200762B35 /* Extensions */,
			);
			path = TMDBCombine;
			sourceTree = "<group>";
		};
		2CD8974124D0DCA00076D58B /* Preview Content */ = {
			isa = PBXGroup;
			children = (
				2CD8974224D0DCA00076D58B /* Preview Assets.xcassets */,
			);
			path = "Preview Content";
			sourceTree = "<group>";
		};
		2CD8975124D0E6B70076D58B /* ReusableViews */ = {
			isa = PBXGroup;
			children = (
				2CD8975724D0E7160076D58B /* Grid */,
				2C6B054F24D20CD600762B35 /* RatingView.swift */,
			);
			path = ReusableViews;
			sourceTree = "<group>";
		};
		2CD8975224D0E6C50076D58B /* Views */ = {
			isa = PBXGroup;
			children = (
				2CD8973D24D0DC9E0076D58B /* MoviesListView.swift */,
				2C6B054A24D1FB1900762B35 /* PosterImageView.swift */,
				2CD8975124D0E6B70076D58B /* ReusableViews */,
			);
			path = Views;
			sourceTree = "<group>";
		};
		2CD8975724D0E7160076D58B /* Grid */ = {
			isa = PBXGroup;
			children = (
				2CD8975524D0E7110076D58B /* GridLayout.swift */,
				2CD8975324D0E6F50076D58B /* Grid.swift */,
			);
			path = Grid;
			sourceTree = "<group>";
		};
		2CD8975E24D0EABE0076D58B /* Models */ = {
			isa = PBXGroup;
			children = (
				2CD8975C24D0EABA0076D58B /* Movie.swift */,
				2CD8975F24D0FCB00076D58B /* MovieResponse.swift */,
			);
			path = Models;
			sourceTree = "<group>";
		};
		2CD8976124D0FEFA0076D58B /* Supporting Files */ = {
			isa = PBXGroup;
			children = (
				2CD8973924D0DC9E0076D58B /* AppDelegate.swift */,
				2CD8973B24D0DC9E0076D58B /* SceneDelegate.swift */,
				2CD8973F24D0DCA00076D58B /* Assets.xcassets */,
				2CD8974424D0DCA00076D58B /* LaunchScreen.storyboard */,
			);
			path = "Supporting Files";
			sourceTree = "<group>";
		};
		2CD8976424D108120076D58B /* Endpoints */ = {
			isa = PBXGroup;
			children = (
				2CD8974D24D0DF9F0076D58B /* EndpointType.swift */,
				2CD8975824D0E77E0076D58B /* MovieEndpoint.swift */,
				2CD8976224D104630076D58B /* SearchEndpoint.swift */,
			);
			path = Endpoints;
			sourceTree = "<group>";
		};
		2CD8976524D1081B0076D58B /* ServiceAPI */ = {
			isa = PBXGroup;
			children = (
				2CD8974F24D0E03E0076D58B /* APIConstants.swift */,
				2CD8975A24D0E9890076D58B /* MovieRequest.swift */,
				2CD8976624D108820076D58B /* QueryRequest.swift */,
				2C6B054624D1DEA800762B35 /* ImageCache.swift */,
				2C6B054824D1F3C800762B35 /* ImageRequester.swift */,
				2CD8976424D108120076D58B /* Endpoints */,
			);
			path = ServiceAPI;
			sourceTree = "<group>";
		};
/* End PBXGroup section */

/* Begin PBXNativeTarget section */
		2CD8973524D0DC9E0076D58B /* TMDbCombine */ = {
			isa = PBXNativeTarget;
			buildConfigurationList = 2CD8974A24D0DCA00076D58B /* Build configuration list for PBXNativeTarget "TMDbCombine" */;
			buildPhases = (
				2CD8973224D0DC9E0076D58B /* Sources */,
				2CD8973324D0DC9E0076D58B /* Frameworks */,
				2CD8973424D0DC9E0076D58B /* Resources */,
			);
			buildRules = (
			);
			dependencies = (
			);
			name = TMDbCombine;
			productName = TMDBCombine;
			productReference = 2CD8973624D0DC9E0076D58B /* TMDbCombine.app */;
			productType = "com.apple.product-type.application";
		};
/* End PBXNativeTarget section */

/* Begin PBXProject section */
		2CD8972E24D0DC9E0076D58B /* Project object */ = {
			isa = PBXProject;
			attributes = {
				LastSwiftUpdateCheck = 1150;
				LastUpgradeCheck = 1150;
				ORGANIZATIONNAME = Ivan;
				TargetAttributes = {
					2CD8973524D0DC9E0076D58B = {
						CreatedOnToolsVersion = 11.5;
					};
				};
			};
			buildConfigurationList = 2CD8973124D0DC9E0076D58B /* Build configuration list for PBXProject "TMDbCombine" */;
			compatibilityVersion = "Xcode 9.3";
			developmentRegion = en;
			hasScannedForEncodings = 0;
			knownRegions = (
				en,
				Base,
			);
			mainGroup = 2CD8972D24D0DC9E0076D58B;
			productRefGroup = 2CD8973724D0DC9E0076D58B /* Products */;
			projectDirPath = "";
			projectRoot = "";
			targets = (
				2CD8973524D0DC9E0076D58B /* TMDbCombine */,
			);
		};
/* End PBXProject section */

/* Begin PBXResourcesBuildPhase section */
		2CD8973424D0DC9E0076D58B /* Resources */ = {
			isa = PBXResourcesBuildPhase;
			buildActionMask = 2147483647;
			files = (
				2C6B054D24D2076500762B35 /* movieData.json in Resources */,
				2CD8974624D0DCA00076D58B /* LaunchScreen.storyboard in Resources */,
				2CD8974324D0DCA00076D58B /* Preview Assets.xcassets in Resources */,
				2CD8974024D0DCA00076D58B /* Assets.xcassets in Resources */,
			);
			runOnlyForDeploymentPostprocessing = 0;
		};
/* End PBXResourcesBuildPhase section */

/* Begin PBXSourcesBuildPhase section */
		2CD8973224D0DC9E0076D58B /* Sources */ = {
			isa = PBXSourcesBuildPhase;
			buildActionMask = 2147483647;
			files = (
				2C6B054924D1F3C800762B35 /* ImageRequester.swift in Sources */,
				2CD8976724D108820076D58B /* QueryRequest.swift in Sources */,
				2CD8975024D0E03E0076D58B /* APIConstants.swift in Sources */,
				2CD8974E24D0DF9F0076D58B /* EndpointType.swift in Sources */,
				2CD8976324D104630076D58B /* SearchEndpoint.swift in Sources */,
				2CD8973A24D0DC9E0076D58B /* AppDelegate.swift in Sources */,
				2CD8973C24D0DC9E0076D58B /* SceneDelegate.swift in Sources */,
				2CD8975D24D0EABA0076D58B /* Movie.swift in Sources */,
				2CD8973E24D0DC9E0076D58B /* MoviesListView.swift in Sources */,
				2CD8975624D0E7110076D58B /* GridLayout.swift in Sources */,
				2CD8975424D0E6F50076D58B /* Grid.swift in Sources */,
				2C6B055024D20CD600762B35 /* RatingView.swift in Sources */,
				2C6B054B24D1FB1900762B35 /* PosterImageView.swift in Sources */,
				2CD8975B24D0E9890076D58B /* MovieRequest.swift in Sources */,
				2CD8975924D0E77E0076D58B /* MovieEndpoint.swift in Sources */,
				2C6B055224D2110800762B35 /* CGSize+Center.swift in Sources */,
				2C6B054724D1DEA800762B35 /* ImageCache.swift in Sources */,
				2CD8976024D0FCB00076D58B /* MovieResponse.swift in Sources */,
			);
			runOnlyForDeploymentPostprocessing = 0;
		};
/* End PBXSourcesBuildPhase section */

/* Begin PBXVariantGroup section */
		2CD8974424D0DCA00076D58B /* LaunchScreen.storyboard */ = {
			isa = PBXVariantGroup;
			children = (
				2CD8974524D0DCA00076D58B /* Base */,
			);
			name = LaunchScreen.storyboard;
			sourceTree = "<group>";
		};
/* End PBXVariantGroup section */

/* Begin XCBuildConfiguration section */
		2CD8974824D0DCA00076D58B /* Debug */ = {
			isa = XCBuildConfiguration;
			buildSettings = {
				ALWAYS_SEARCH_USER_PATHS = NO;
				CLANG_ANALYZER_NONNULL = YES;
				CLANG_ANALYZER_NUMBER_OBJECT_CONVERSION = YES_AGGRESSIVE;
				CLANG_CXX_LANGUAGE_STANDARD = "gnu++14";
				CLANG_CXX_LIBRARY = "libc++";
				CLANG_ENABLE_MODULES = YES;
				CLANG_ENABLE_OBJC_ARC = YES;
				CLANG_ENABLE_OBJC_WEAK = YES;
				CLANG_WARN_BLOCK_CAPTURE_AUTORELEASING = YES;
				CLANG_WARN_BOOL_CONVERSION = YES;
				CLANG_WARN_COMMA = YES;
				CLANG_WARN_CONSTANT_CONVERSION = YES;
				CLANG_WARN_DEPRECATED_OBJC_IMPLEMENTATIONS = YES;
				CLANG_WARN_DIRECT_OBJC_ISA_USAGE = YES_ERROR;
				CLANG_WARN_DOCUMENTATION_COMMENTS = YES;
				CLANG_WARN_EMPTY_BODY = YES;
				CLANG_WARN_ENUM_CONVERSION = YES;
				CLANG_WARN_INFINITE_RECURSION = YES;
				CLANG_WARN_INT_CONVERSION = YES;
				CLANG_WARN_NON_LITERAL_NULL_CONVERSION = YES;
				CLANG_WARN_OBJC_IMPLICIT_RETAIN_SELF = YES;
				CLANG_WARN_OBJC_LITERAL_CONVERSION = YES;
				CLANG_WARN_OBJC_ROOT_CLASS = YES_ERROR;
				CLANG_WARN_RANGE_LOOP_ANALYSIS = YES;
				CLANG_WARN_STRICT_PROTOTYPES = YES;
				CLANG_WARN_SUSPICIOUS_MOVE = YES;
				CLANG_WARN_UNGUARDED_AVAILABILITY = YES_AGGRESSIVE;
				CLANG_WARN_UNREACHABLE_CODE = YES;
				CLANG_WARN__DUPLICATE_METHOD_MATCH = YES;
				COPY_PHASE_STRIP = NO;
				DEBUG_INFORMATION_FORMAT = dwarf;
				ENABLE_STRICT_OBJC_MSGSEND = YES;
				ENABLE_TESTABILITY = YES;
				GCC_C_LANGUAGE_STANDARD = gnu11;
				GCC_DYNAMIC_NO_PIC = NO;
				GCC_NO_COMMON_BLOCKS = YES;
				GCC_OPTIMIZATION_LEVEL = 0;
				GCC_PREPROCESSOR_DEFINITIONS = (
					"DEBUG=1",
					"$(inherited)",
				);
				GCC_WARN_64_TO_32_BIT_CONVERSION = YES;
				GCC_WARN_ABOUT_RETURN_TYPE = YES_ERROR;
				GCC_WARN_UNDECLARED_SELECTOR = YES;
				GCC_WARN_UNINITIALIZED_AUTOS = YES_AGGRESSIVE;
				GCC_WARN_UNUSED_FUNCTION = YES;
				GCC_WARN_UNUSED_VARIABLE = YES;
				IPHONEOS_DEPLOYMENT_TARGET = 13.5;
				MTL_ENABLE_DEBUG_INFO = INCLUDE_SOURCE;
				MTL_FAST_MATH = YES;
				ONLY_ACTIVE_ARCH = YES;
				SDKROOT = iphoneos;
				SWIFT_ACTIVE_COMPILATION_CONDITIONS = DEBUG;
				SWIFT_OPTIMIZATION_LEVEL = "-Onone";
			};
			name = Debug;
		};
		2CD8974924D0DCA00076D58B /* Release */ = {
			isa = XCBuildConfiguration;
			buildSettings = {
				ALWAYS_SEARCH_USER_PATHS = NO;
				CLANG_ANALYZER_NONNULL = YES;
				CLANG_ANALYZER_NUMBER_OBJECT_CONVERSION = YES_AGGRESSIVE;
				CLANG_CXX_LANGUAGE_STANDARD = "gnu++14";
				CLANG_CXX_LIBRARY = "libc++";
				CLANG_ENABLE_MODULES = YES;
				CLANG_ENABLE_OBJC_ARC = YES;
				CLANG_ENABLE_OBJC_WEAK = YES;
				CLANG_WARN_BLOCK_CAPTURE_AUTORELEASING = YES;
				CLANG_WARN_BOOL_CONVERSION = YES;
				CLANG_WARN_COMMA = YES;
				CLANG_WARN_CONSTANT_CONVERSION = YES;
				CLANG_WARN_DEPRECATED_OBJC_IMPLEMENTATIONS = YES;
				CLANG_WARN_DIRECT_OBJC_ISA_USAGE = YES_ERROR;
				CLANG_WARN_DOCUMENTATION_COMMENTS = YES;
				CLANG_WARN_EMPTY_BODY = YES;
				CLANG_WARN_ENUM_CONVERSION = YES;
				CLANG_WARN_INFINITE_RECURSION = YES;
				CLANG_WARN_INT_CONVERSION = YES;
				CLANG_WARN_NON_LITERAL_NULL_CONVERSION = YES;
				CLANG_WARN_OBJC_IMPLICIT_RETAIN_SELF = YES;
				CLANG_WARN_OBJC_LITERAL_CONVERSION = YES;
				CLANG_WARN_OBJC_ROOT_CLASS = YES_ERROR;
				CLANG_WARN_RANGE_LOOP_ANALYSIS = YES;
				CLANG_WARN_STRICT_PROTOTYPES = YES;
				CLANG_WARN_SUSPICIOUS_MOVE = YES;
				CLANG_WARN_UNGUARDED_AVAILABILITY = YES_AGGRESSIVE;
				CLANG_WARN_UNREACHABLE_CODE = YES;
				CLANG_WARN__DUPLICATE_METHOD_MATCH = YES;
				COPY_PHASE_STRIP = NO;
				DEBUG_INFORMATION_FORMAT = "dwarf-with-dsym";
				ENABLE_NS_ASSERTIONS = NO;
				ENABLE_STRICT_OBJC_MSGSEND = YES;
				GCC_C_LANGUAGE_STANDARD = gnu11;
				GCC_NO_COMMON_BLOCKS = YES;
				GCC_WARN_64_TO_32_BIT_CONVERSION = YES;
				GCC_WARN_ABOUT_RETURN_TYPE = YES_ERROR;
				GCC_WARN_UNDECLARED_SELECTOR = YES;
				GCC_WARN_UNINITIALIZED_AUTOS = YES_AGGRESSIVE;
				GCC_WARN_UNUSED_FUNCTION = YES;
				GCC_WARN_UNUSED_VARIABLE = YES;
				IPHONEOS_DEPLOYMENT_TARGET = 13.5;
				MTL_ENABLE_DEBUG_INFO = NO;
				MTL_FAST_MATH = YES;
				SDKROOT = iphoneos;
				SWIFT_COMPILATION_MODE = wholemodule;
				SWIFT_OPTIMIZATION_LEVEL = "-O";
				VALIDATE_PRODUCT = YES;
			};
			name = Release;
		};
		2CD8974B24D0DCA00076D58B /* Debug */ = {
			isa = XCBuildConfiguration;
			buildSettings = {
				ASSETCATALOG_COMPILER_APPICON_NAME = AppIcon;
				CODE_SIGN_STYLE = Automatic;
				DEVELOPMENT_ASSET_PATHS = "\"TMDBCombine/Preview Content\"";
				DEVELOPMENT_TEAM = X9Z952FV3F;
				ENABLE_PREVIEWS = YES;
				INFOPLIST_FILE = TMDBCombine/Info.plist;
				LD_RUNPATH_SEARCH_PATHS = (
					"$(inherited)",
					"@executable_path/Frameworks",
				);
				PRODUCT_BUNDLE_IDENTIFIER = br.com.bihl.TMDbCombine;
				PRODUCT_NAME = TMDbCombine;
				SWIFT_VERSION = 5.0;
				TARGETED_DEVICE_FAMILY = "1,2";
			};
			name = Debug;
		};
		2CD8974C24D0DCA00076D58B /* Release */ = {
			isa = XCBuildConfiguration;
			buildSettings = {
				ASSETCATALOG_COMPILER_APPICON_NAME = AppIcon;
				CODE_SIGN_STYLE = Automatic;
				DEVELOPMENT_ASSET_PATHS = "\"TMDBCombine/Preview Content\"";
				DEVELOPMENT_TEAM = X9Z952FV3F;
				ENABLE_PREVIEWS = YES;
				INFOPLIST_FILE = TMDBCombine/Info.plist;
				LD_RUNPATH_SEARCH_PATHS = (
					"$(inherited)",
					"@executable_path/Frameworks",
				);
				PRODUCT_BUNDLE_IDENTIFIER = br.com.bihl.TMDbCombine;
				PRODUCT_NAME = TMDbCombine;
				SWIFT_VERSION = 5.0;
				TARGETED_DEVICE_FAMILY = "1,2";
			};
			name = Release;
		};
/* End XCBuildConfiguration section */

/* Begin XCConfigurationList section */
		2CD8973124D0DC9E0076D58B /* Build configuration list for PBXProject "TMDbCombine" */ = {
			isa = XCConfigurationList;
			buildConfigurations = (
				2CD8974824D0DCA00076D58B /* Debug */,
				2CD8974924D0DCA00076D58B /* Release */,
			);
			defaultConfigurationIsVisible = 0;
			defaultConfigurationName = Release;
		};
		2CD8974A24D0DCA00076D58B /* Build configuration list for PBXNativeTarget "TMDbCombine" */ = {
			isa = XCConfigurationList;
			buildConfigurations = (
				2CD8974B24D0DCA00076D58B /* Debug */,
				2CD8974C24D0DCA00076D58B /* Release */,
			);
			defaultConfigurationIsVisible = 0;
			defaultConfigurationName = Release;
		};
/* End XCConfigurationList section */
	};
	rootObject = 2CD8972E24D0DC9E0076D58B /* Project object */;
}
